
Microsoft Visual Studio Solution File, Format Version 12.00
# Visual Studio 15
VisualStudioVersion = 15.0.27004.2002
MinimumVisualStudioVersion = 10.0.40219.1
Project("{FAE04EC0-301F-11D3-BF4B-00C04F79EFBC}") = "WebApiYerberoCodeFirst", "WebApiYerberoCodeFirst\WebApiYerberoCodeFirst.csproj", "{D2E7CC0F-A738-4311-BE64-FAED31A42533}"
EndProject
Project("{FAE04EC0-301F-11D3-BF4B-00C04F79EFBC}") = "WebApiYerberoCodeFirst.Tests", "WebApiYerberoCodeFirst.Tests\WebApiYerberoCodeFirst.Tests.csproj", "{FC6206D2-4D77-41F4-9320-436CA616E3E7}"
EndProject
Global
	GlobalSection(SolutionConfigurationPlatforms) = preSolution
		Debug|Any CPU = Debug|Any CPU
		Release|Any CPU = Release|Any CPU
	EndGlobalSection
	GlobalSection(ProjectConfigurationPlatforms) = postSolution
		{D2E7CC0F-A738-4311-BE64-FAED31A42533}.Debug|Any CPU.ActiveCfg = Debug|Any CPU
		{D2E7CC0F-A738-4311-BE64-FAED31A42533}.Debug|Any CPU.Build.0 = Debug|Any CPU
		{D2E7CC0F-A738-4311-BE64-FAED31A42533}.Release|Any CPU.ActiveCfg = Release|Any CPU
		{D2E7CC0F-A738-4311-BE64-FAED31A42533}.Release|Any CPU.Build.0 = Release|Any CPU
		{FC6206D2-4D77-41F4-9320-436CA616E3E7}.Debug|Any CPU.ActiveCfg = Debug|Any CPU
		{FC6206D2-4D77-41F4-9320-436CA616E3E7}.Debug|Any CPU.Build.0 = Debug|Any CPU
		{FC6206D2-4D77-41F4-9320-436CA616E3E7}.Release|Any CPU.ActiveCfg = Release|Any CPU
		{FC6206D2-4D77-41F4-9320-436CA616E3E7}.Release|Any CPU.Build.0 = Release|Any CPU
	EndGlobalSection
	GlobalSection(SolutionProperties) = preSolution
		HideSolutionNode = FALSE
	EndGlobalSection
	GlobalSection(ExtensibilityGlobals) = postSolution
		SolutionGuid = {EB1A1280-81D8-496C-83B0-31C34BF1C192}
	EndGlobalSection
EndGlobal
